
Microsoft Visual Studio Solution File, Format Version 12.00
# Visual Studio 15
VisualStudioVersion = 15.0.27130.2027
MinimumVisualStudioVersion = 10.0.40219.1
Project("{FAE04EC0-301F-11D3-BF4B-00C04F79EFBC}") = "ContactListing.Android", "ContactListing\ContactListing.Android\ContactListing.Android.csproj", "{710FEB3E-8DCF-4416-8A3C-62A480831990}"
EndProject
Project("{FAE04EC0-301F-11D3-BF4B-00C04F79EFBC}") = "ContactListing.iOS", "ContactListing\ContactListing.iOS\ContactListing.iOS.csproj", "{86C16557-1D67-4B3E-B4A3-B0E339892C39}"
EndProject
Project("{FAE04EC0-301F-11D3-BF4B-00C04F79EFBC}") = "ContactListing.UWP", "ContactListing\ContactListing.UWP\ContactListing.UWP.csproj", "{60801964-EEC3-4F15-84EE-C8F864C3E4DF}"
EndProject
Project("{FAE04EC0-301F-11D3-BF4B-00C04F79EFBC}") = "ContactListing", "ContactListing\ContactListing\ContactListing.csproj", "{EA226333-D7C6-44AF-91BA-F5F5059AB52D}"
EndProject
Global
	GlobalSection(SolutionConfigurationPlatforms) = preSolution
		Ad-Hoc|Any CPU = Ad-Hoc|Any CPU
		Ad-Hoc|ARM = Ad-Hoc|ARM
		Ad-Hoc|iPhone = Ad-Hoc|iPhone
		Ad-Hoc|iPhoneSimulator = Ad-Hoc|iPhoneSimulator
		Ad-Hoc|x64 = Ad-Hoc|x64
		Ad-Hoc|x86 = Ad-Hoc|x86
		AppStore|Any CPU = AppStore|Any CPU
		AppStore|ARM = AppStore|ARM
		AppStore|iPhone = AppStore|iPhone
		AppStore|iPhoneSimulator = AppStore|iPhoneSimulator
		AppStore|x64 = AppStore|x64
		AppStore|x86 = AppStore|x86
		Debug|Any CPU = Debug|Any CPU
		Debug|ARM = Debug|ARM
		Debug|iPhone = Debug|iPhone
		Debug|iPhoneSimulator = Debug|iPhoneSimulator
		Debug|x64 = Debug|x64
		Debug|x86 = Debug|x86
		Release|Any CPU = Release|Any CPU
		Release|ARM = Release|ARM
		Release|iPhone = Release|iPhone
		Release|iPhoneSimulator = Release|iPhoneSimulator
		Release|x64 = Release|x64
		Release|x86 = Release|x86
	EndGlobalSection
	GlobalSection(ProjectConfigurationPlatforms) = postSolution
		{710FEB3E-8DCF-4416-8A3C-62A480831990}.Ad-Hoc|Any CPU.ActiveCfg = Release|Any CPU
		{710FEB3E-8DCF-4416-8A3C-62A480831990}.Ad-Hoc|Any CPU.Build.0 = Release|Any CPU
		{710FEB3E-8DCF-4416-8A3C-62A480831990}.Ad-Hoc|Any CPU.Deploy.0 = Release|Any CPU
		{710FEB3E-8DCF-4416-8A3C-62A480831990}.Ad-Hoc|ARM.ActiveCfg = Release|Any CPU
		{710FEB3E-8DCF-4416-8A3C-62A480831990}.Ad-Hoc|ARM.Build.0 = Release|Any CPU
		{710FEB3E-8DCF-4416-8A3C-62A480831990}.Ad-Hoc|ARM.Deploy.0 = Release|Any CPU
		{710FEB3E-8DCF-4416-8A3C-62A480831990}.Ad-Hoc|iPhone.ActiveCfg = Release|Any CPU
		{710FEB3E-8DCF-4416-8A3C-62A480831990}.Ad-Hoc|iPhone.Build.0 = Release|Any CPU
		{710FEB3E-8DCF-4416-8A3C-62A480831990}.Ad-Hoc|iPhone.Deploy.0 = Release|Any CPU
		{710FEB3E-8DCF-4416-8A3C-62A480831990}.Ad-Hoc|iPhoneSimulator.ActiveCfg = Release|Any CPU
		{710FEB3E-8DCF-4416-8A3C-62A480831990}.Ad-Hoc|iPhoneSimulator.Build.0 = Release|Any CPU
		{710FEB3E-8DCF-4416-8A3C-62A480831990}.Ad-Hoc|iPhoneSimulator.Deploy.0 = Release|Any CPU
		{710FEB3E-8DCF-4416-8A3C-62A480831990}.Ad-Hoc|x64.ActiveCfg = Release|Any CPU
		{710FEB3E-8DCF-4416-8A3C-62A480831990}.Ad-Hoc|x64.Build.0 = Release|Any CPU
		{710FEB3E-8DCF-4416-8A3C-62A480831990}.Ad-Hoc|x64.Deploy.0 = Release|Any CPU
		{710FEB3E-8DCF-4416-8A3C-62A480831990}.Ad-Hoc|x86.ActiveCfg = Release|Any CPU
		{710FEB3E-8DCF-4416-8A3C-62A480831990}.Ad-Hoc|x86.Build.0 = Release|Any CPU
		{710FEB3E-8DCF-4416-8A3C-62A480831990}.Ad-Hoc|x86.Deploy.0 = Release|Any CPU
		{710FEB3E-8DCF-4416-8A3C-62A480831990}.AppStore|Any CPU.ActiveCfg = Release|Any CPU
		{710FEB3E-8DCF-4416-8A3C-62A480831990}.AppStore|Any CPU.Build.0 = Release|Any CPU
		{710FEB3E-8DCF-4416-8A3C-62A480831990}.AppStore|Any CPU.Deploy.0 = Release|Any CPU
		{710FEB3E-8DCF-4416-8A3C-62A480831990}.AppStore|ARM.ActiveCfg = Release|Any CPU
		{710FEB3E-8DCF-4416-8A3C-62A480831990}.AppStore|ARM.Build.0 = Release|Any CPU
		{710FEB3E-8DCF-4416-8A3C-62A480831990}.AppStore|ARM.Deploy.0 = Release|Any CPU
		{710FEB3E-8DCF-4416-8A3C-62A480831990}.AppStore|iPhone.ActiveCfg = Release|Any CPU
		{710FEB3E-8DCF-4416-8A3C-62A480831990}.AppStore|iPhone.Build.0 = Release|Any CPU
		{710FEB3E-8DCF-4416-8A3C-62A480831990}.AppStore|iPhone.Deploy.0 = Release|Any CPU
		{710FEB3E-8DCF-4416-8A3C-62A480831990}.AppStore|iPhoneSimulator.ActiveCfg = Release|Any CPU
		{710FEB3E-8DCF-4416-8A3C-62A480831990}.AppStore|iPhoneSimulator.Build.0 = Release|Any CPU
		{710FEB3E-8DCF-4416-8A3C-62A480831990}.AppStore|iPhoneSimulator.Deploy.0 = Release|Any CPU
		{710FEB3E-8DCF-4416-8A3C-62A480831990}.AppStore|x64.ActiveCfg = Release|Any CPU
		{710FEB3E-8DCF-4416-8A3C-62A480831990}.AppStore|x64.Build.0 = Release|Any CPU
		{710FEB3E-8DCF-4416-8A3C-62A480831990}.AppStore|x64.Deploy.0 = Release|Any CPU
		{710FEB3E-8DCF-4416-8A3C-62A480831990}.AppStore|x86.ActiveCfg = Release|Any CPU
		{710FEB3E-8DCF-4416-8A3C-62A480831990}.AppStore|x86.Build.0 = Release|Any CPU
		{710FEB3E-8DCF-4416-8A3C-62A480831990}.AppStore|x86.Deploy.0 = Release|Any CPU
		{710FEB3E-8DCF-4416-8A3C-62A480831990}.Debug|Any CPU.ActiveCfg = Debug|Any CPU
		{710FEB3E-8DCF-4416-8A3C-62A480831990}.Debug|Any CPU.Build.0 = Debug|Any CPU
		{710FEB3E-8DCF-4416-8A3C-62A480831990}.Debug|Any CPU.Deploy.0 = Debug|Any CPU
		{710FEB3E-8DCF-4416-8A3C-62A480831990}.Debug|ARM.ActiveCfg = Debug|Any CPU
		{710FEB3E-8DCF-4416-8A3C-62A480831990}.Debug|ARM.Build.0 = Debug|Any CPU
		{710FEB3E-8DCF-4416-8A3C-62A480831990}.Debug|ARM.Deploy.0 = Debug|Any CPU
		{710FEB3E-8DCF-4416-8A3C-62A480831990}.Debug|iPhone.ActiveCfg = Debug|Any CPU
		{710FEB3E-8DCF-4416-8A3C-62A480831990}.Debug|iPhone.Build.0 = Debug|Any CPU
		{710FEB3E-8DCF-4416-8A3C-62A480831990}.Debug|iPhone.Deploy.0 = Debug|Any CPU
		{710FEB3E-8DCF-4416-8A3C-62A480831990}.Debug|iPhoneSimulator.ActiveCfg = Debug|Any CPU
		{710FEB3E-8DCF-4416-8A3C-62A480831990}.Debug|iPhoneSimulator.Build.0 = Debug|Any CPU
		{710FEB3E-8DCF-4416-8A3C-62A480831990}.Debug|iPhoneSimulator.Deploy.0 = Debug|Any CPU
		{710FEB3E-8DCF-4416-8A3C-62A480831990}.Debug|x64.ActiveCfg = Debug|Any CPU
		{710FEB3E-8DCF-4416-8A3C-62A480831990}.Debug|x64.Build.0 = Debug|Any CPU
		{710FEB3E-8DCF-4416-8A3C-62A480831990}.Debug|x64.Deploy.0 = Debug|Any CPU
		{710FEB3E-8DCF-4416-8A3C-62A480831990}.Debug|x86.ActiveCfg = Debug|Any CPU
		{710FEB3E-8DCF-4416-8A3C-62A480831990}.Debug|x86.Build.0 = Debug|Any CPU
		{710FEB3E-8DCF-4416-8A3C-62A480831990}.Debug|x86.Deploy.0 = Debug|Any CPU
		{710FEB3E-8DCF-4416-8A3C-62A480831990}.Release|Any CPU.ActiveCfg = Release|Any CPU
		{710FEB3E-8DCF-4416-8A3C-62A480831990}.Release|Any CPU.Build.0 = Release|Any CPU
		{710FEB3E-8DCF-4416-8A3C-62A480831990}.Release|Any CPU.Deploy.0 = Release|Any CPU
		{710FEB3E-8DCF-4416-8A3C-62A480831990}.Release|ARM.ActiveCfg = Release|Any CPU
		{710FEB3E-8DCF-4416-8A3C-62A480831990}.Release|ARM.Build.0 = Release|Any CPU
		{710FEB3E-8DCF-4416-8A3C-62A480831990}.Release|ARM.Deploy.0 = Release|Any CPU
		{710FEB3E-8DCF-4416-8A3C-62A480831990}.Release|iPhone.ActiveCfg = Release|Any CPU
		{710FEB3E-8DCF-4416-8A3C-62A480831990}.Release|iPhone.Build.0 = Release|Any CPU
		{710FEB3E-8DCF-4416-8A3C-62A480831990}.Release|iPhone.Deploy.0 = Release|Any CPU
		{710FEB3E-8DCF-4416-8A3C-62A480831990}.Release|iPhoneSimulator.ActiveCfg = Release|Any CPU
		{710FEB3E-8DCF-4416-8A3C-62A480831990}.Release|iPhoneSimulator.Build.0 = Release|Any CPU
		{710FEB3E-8DCF-4416-8A3C-62A480831990}.Release|iPhoneSimulator.Deploy.0 = Release|Any CPU
		{710FEB3E-8DCF-4416-8A3C-62A480831990}.Release|x64.ActiveCfg = Release|Any CPU
		{710FEB3E-8DCF-4416-8A3C-62A480831990}.Release|x64.Build.0 = Release|Any CPU
		{710FEB3E-8DCF-4416-8A3C-62A480831990}.Release|x64.Deploy.0 = Release|Any CPU
		{710FEB3E-8DCF-4416-8A3C-62A480831990}.Release|x86.ActiveCfg = Release|Any CPU
		{710FEB3E-8DCF-4416-8A3C-62A480831990}.Release|x86.Build.0 = Release|Any CPU
		{710FEB3E-8DCF-4416-8A3C-62A480831990}.Release|x86.Deploy.0 = Release|Any CPU
		{86C16557-1D67-4B3E-B4A3-B0E339892C39}.Ad-Hoc|Any CPU.ActiveCfg = Ad-Hoc|iPhone
		{86C16557-1D67-4B3E-B4A3-B0E339892C39}.Ad-Hoc|ARM.ActiveCfg = Ad-Hoc|iPhone
		{86C16557-1D67-4B3E-B4A3-B0E339892C39}.Ad-Hoc|iPhone.ActiveCfg = Ad-Hoc|iPhone
		{86C16557-1D67-4B3E-B4A3-B0E339892C39}.Ad-Hoc|iPhone.Build.0 = Ad-Hoc|iPhone
		{86C16557-1D67-4B3E-B4A3-B0E339892C39}.Ad-Hoc|iPhoneSimulator.ActiveCfg = Ad-Hoc|iPhoneSimulator
		{86C16557-1D67-4B3E-B4A3-B0E339892C39}.Ad-Hoc|iPhoneSimulator.Build.0 = Ad-Hoc|iPhoneSimulator
		{86C16557-1D67-4B3E-B4A3-B0E339892C39}.Ad-Hoc|x64.ActiveCfg = Ad-Hoc|iPhone
		{86C16557-1D67-4B3E-B4A3-B0E339892C39}.Ad-Hoc|x86.ActiveCfg = Ad-Hoc|iPhone
		{86C16557-1D67-4B3E-B4A3-B0E339892C39}.AppStore|Any CPU.ActiveCfg = AppStore|iPhone
		{86C16557-1D67-4B3E-B4A3-B0E339892C39}.AppStore|ARM.ActiveCfg = AppStore|iPhone
		{86C16557-1D67-4B3E-B4A3-B0E339892C39}.AppStore|iPhone.ActiveCfg = AppStore|iPhone
		{86C16557-1D67-4B3E-B4A3-B0E339892C39}.AppStore|iPhone.Build.0 = AppStore|iPhone
		{86C16557-1D67-4B3E-B4A3-B0E339892C39}.AppStore|iPhoneSimulator.ActiveCfg = AppStore|iPhoneSimulator
		{86C16557-1D67-4B3E-B4A3-B0E339892C39}.AppStore|iPhoneSimulator.Build.0 = AppStore|iPhoneSimulator
		{86C16557-1D67-4B3E-B4A3-B0E339892C39}.AppStore|x64.ActiveCfg = AppStore|iPhone
		{86C16557-1D67-4B3E-B4A3-B0E339892C39}.AppStore|x86.ActiveCfg = AppStore|iPhone
		{86C16557-1D67-4B3E-B4A3-B0E339892C39}.Debug|Any CPU.ActiveCfg = Debug|iPhone
		{86C16557-1D67-4B3E-B4A3-B0E339892C39}.Debug|ARM.ActiveCfg = Debug|iPhone
		{86C16557-1D67-4B3E-B4A3-B0E339892C39}.Debug|iPhone.ActiveCfg = Debug|iPhone
		{86C16557-1D67-4B3E-B4A3-B0E339892C39}.Debug|iPhone.Build.0 = Debug|iPhone
		{86C16557-1D67-4B3E-B4A3-B0E339892C39}.Debug|iPhoneSimulator.ActiveCfg = Debug|iPhoneSimulator
		{86C16557-1D67-4B3E-B4A3-B0E339892C39}.Debug|iPhoneSimulator.Build.0 = Debug|iPhoneSimulator
		{86C16557-1D67-4B3E-B4A3-B0E339892C39}.Debug|x64.ActiveCfg = Debug|iPhone
		{86C16557-1D67-4B3E-B4A3-B0E339892C39}.Debug|x86.ActiveCfg = Debug|iPhone
		{86C16557-1D67-4B3E-B4A3-B0E339892C39}.Release|Any CPU.ActiveCfg = Release|iPhone
		{86C16557-1D67-4B3E-B4A3-B0E339892C39}.Release|ARM.ActiveCfg = Release|iPhone
		{86C16557-1D67-4B3E-B4A3-B0E339892C39}.Release|iPhone.ActiveCfg = Release|iPhone
		{86C16557-1D67-4B3E-B4A3-B0E339892C39}.Release|iPhone.Build.0 = Release|iPhone
		{86C16557-1D67-4B3E-B4A3-B0E339892C39}.Release|iPhoneSimulator.ActiveCfg = Release|iPhoneSimulator
		{86C16557-1D67-4B3E-B4A3-B0E339892C39}.Release|iPhoneSimulator.Build.0 = Release|iPhoneSimulator
		{86C16557-1D67-4B3E-B4A3-B0E339892C39}.Release|x64.ActiveCfg = Release|iPhone
		{86C16557-1D67-4B3E-B4A3-B0E339892C39}.Release|x86.ActiveCfg = Release|iPhone
		{60801964-EEC3-4F15-84EE-C8F864C3E4DF}.Ad-Hoc|Any CPU.ActiveCfg = Release|x86
		{60801964-EEC3-4F15-84EE-C8F864C3E4DF}.Ad-Hoc|Any CPU.Build.0 = Release|x86
		{60801964-EEC3-4F15-84EE-C8F864C3E4DF}.Ad-Hoc|Any CPU.Deploy.0 = Release|x86
		{60801964-EEC3-4F15-84EE-C8F864C3E4DF}.Ad-Hoc|ARM.ActiveCfg = Release|ARM
		{60801964-EEC3-4F15-84EE-C8F864C3E4DF}.Ad-Hoc|ARM.Build.0 = Release|ARM
		{60801964-EEC3-4F15-84EE-C8F864C3E4DF}.Ad-Hoc|ARM.Deploy.0 = Release|ARM
		{60801964-EEC3-4F15-84EE-C8F864C3E4DF}.Ad-Hoc|iPhone.ActiveCfg = Release|x86
		{60801964-EEC3-4F15-84EE-C8F864C3E4DF}.Ad-Hoc|iPhone.Build.0 = Release|x86
		{60801964-EEC3-4F15-84EE-C8F864C3E4DF}.Ad-Hoc|iPhone.Deploy.0 = Release|x86
		{60801964-EEC3-4F15-84EE-C8F864C3E4DF}.Ad-Hoc|iPhoneSimulator.ActiveCfg = Release|x86
		{60801964-EEC3-4F15-84EE-C8F864C3E4DF}.Ad-Hoc|iPhoneSimulator.Build.0 = Release|x86
		{60801964-EEC3-4F15-84EE-C8F864C3E4DF}.Ad-Hoc|iPhoneSimulator.Deploy.0 = Release|x86
		{60801964-EEC3-4F15-84EE-C8F864C3E4DF}.Ad-Hoc|x64.ActiveCfg = Release|x64
		{60801964-EEC3-4F15-84EE-C8F864C3E4DF}.Ad-Hoc|x64.Build.0 = Release|x64
		{60801964-EEC3-4F15-84EE-C8F864C3E4DF}.Ad-Hoc|x64.Deploy.0 = Release|x64
		{60801964-EEC3-4F15-84EE-C8F864C3E4DF}.Ad-Hoc|x86.ActiveCfg = Release|x86
		{60801964-EEC3-4F15-84EE-C8F864C3E4DF}.Ad-Hoc|x86.Build.0 = Release|x86
		{60801964-EEC3-4F15-84EE-C8F864C3E4DF}.Ad-Hoc|x86.Deploy.0 = Release|x86
		{60801964-EEC3-4F15-84EE-C8F864C3E4DF}.AppStore|Any CPU.ActiveCfg = Release|x86
		{60801964-EEC3-4F15-84EE-C8F864C3E4DF}.AppStore|Any CPU.Build.0 = Release|x86
		{60801964-EEC3-4F15-84EE-C8F864C3E4DF}.AppStore|Any CPU.Deploy.0 = Release|x86
		{60801964-EEC3-4F15-84EE-C8F864C3E4DF}.AppStore|ARM.ActiveCfg = Release|ARM
		{60801964-EEC3-4F15-84EE-C8F864C3E4DF}.AppStore|ARM.Build.0 = Release|ARM
		{60801964-EEC3-4F15-84EE-C8F864C3E4DF}.AppStore|ARM.Deploy.0 = Release|ARM
		{60801964-EEC3-4F15-84EE-C8F864C3E4DF}.AppStore|iPhone.ActiveCfg = Release|x86
		{60801964-EEC3-4F15-84EE-C8F864C3E4DF}.AppStore|iPhone.Build.0 = Release|x86
		{60801964-EEC3-4F15-84EE-C8F864C3E4DF}.AppStore|iPhone.Deploy.0 = Release|x86
		{60801964-EEC3-4F15-84EE-C8F864C3E4DF}.AppStore|iPhoneSimulator.ActiveCfg = Release|x86
		{60801964-EEC3-4F15-84EE-C8F864C3E4DF}.AppStore|iPhoneSimulator.Build.0 = Release|x86
		{60801964-EEC3-4F15-84EE-C8F864C3E4DF}.AppStore|iPhoneSimulator.Deploy.0 = Release|x86
		{60801964-EEC3-4F15-84EE-C8F864C3E4DF}.AppStore|x64.ActiveCfg = Release|x64
		{60801964-EEC3-4F15-84EE-C8F864C3E4DF}.AppStore|x64.Build.0 = Release|x64
		{60801964-EEC3-4F15-84EE-C8F864C3E4DF}.AppStore|x64.Deploy.0 = Release|x64
		{60801964-EEC3-4F15-84EE-C8F864C3E4DF}.AppStore|x86.ActiveCfg = Release|x86
		{60801964-EEC3-4F15-84EE-C8F864C3E4DF}.AppStore|x86.Build.0 = Release|x86
		{60801964-EEC3-4F15-84EE-C8F864C3E4DF}.AppStore|x86.Deploy.0 = Release|x86
		{60801964-EEC3-4F15-84EE-C8F864C3E4DF}.Debug|Any CPU.ActiveCfg = Debug|x86
		{60801964-EEC3-4F15-84EE-C8F864C3E4DF}.Debug|ARM.ActiveCfg = Debug|ARM
		{60801964-EEC3-4F15-84EE-C8F864C3E4DF}.Debug|ARM.Build.0 = Debug|ARM
		{60801964-EEC3-4F15-84EE-C8F864C3E4DF}.Debug|ARM.Deploy.0 = Debug|ARM
		{60801964-EEC3-4F15-84EE-C8F864C3E4DF}.Debug|iPhone.ActiveCfg = Debug|x86
		{60801964-EEC3-4F15-84EE-C8F864C3E4DF}.Debug|iPhoneSimulator.ActiveCfg = Debug|x86
		{60801964-EEC3-4F15-84EE-C8F864C3E4DF}.Debug|x64.ActiveCfg = Debug|x64
		{60801964-EEC3-4F15-84EE-C8F864C3E4DF}.Debug|x64.Build.0 = Debug|x64
		{60801964-EEC3-4F15-84EE-C8F864C3E4DF}.Debug|x64.Deploy.0 = Debug|x64
		{60801964-EEC3-4F15-84EE-C8F864C3E4DF}.Debug|x86.ActiveCfg = Debug|x86
		{60801964-EEC3-4F15-84EE-C8F864C3E4DF}.Debug|x86.Build.0 = Debug|x86
		{60801964-EEC3-4F15-84EE-C8F864C3E4DF}.Debug|x86.Deploy.0 = Debug|x86
		{60801964-EEC3-4F15-84EE-C8F864C3E4DF}.Release|Any CPU.ActiveCfg = Release|x86
		{60801964-EEC3-4F15-84EE-C8F864C3E4DF}.Release|ARM.ActiveCfg = Release|ARM
		{60801964-EEC3-4F15-84EE-C8F864C3E4DF}.Release|ARM.Build.0 = Release|ARM
		{60801964-EEC3-4F15-84EE-C8F864C3E4DF}.Release|ARM.Deploy.0 = Release|ARM
		{60801964-EEC3-4F15-84EE-C8F864C3E4DF}.Release|iPhone.ActiveCfg = Release|x86
		{60801964-EEC3-4F15-84EE-C8F864C3E4DF}.Release|iPhoneSimulator.ActiveCfg = Release|x86
		{60801964-EEC3-4F15-84EE-C8F864C3E4DF}.Release|x64.ActiveCfg = Release|x64
		{60801964-EEC3-4F15-84EE-C8F864C3E4DF}.Release|x64.Build.0 = Release|x64
		{60801964-EEC3-4F15-84EE-C8F864C3E4DF}.Release|x64.Deploy.0 = Release|x64
		{60801964-EEC3-4F15-84EE-C8F864C3E4DF}.Release|x86.ActiveCfg = Release|x86
		{60801964-EEC3-4F15-84EE-C8F864C3E4DF}.Release|x86.Build.0 = Release|x86
		{60801964-EEC3-4F15-84EE-C8F864C3E4DF}.Release|x86.Deploy.0 = Release|x86
		{EA226333-D7C6-44AF-91BA-F5F5059AB52D}.Ad-Hoc|Any CPU.ActiveCfg = Debug|Any CPU
		{EA226333-D7C6-44AF-91BA-F5F5059AB52D}.Ad-Hoc|Any CPU.Build.0 = Debug|Any CPU
		{EA226333-D7C6-44AF-91BA-F5F5059AB52D}.Ad-Hoc|ARM.ActiveCfg = Debug|Any CPU
		{EA226333-D7C6-44AF-91BA-F5F5059AB52D}.Ad-Hoc|ARM.Build.0 = Debug|Any CPU
		{EA226333-D7C6-44AF-91BA-F5F5059AB52D}.Ad-Hoc|iPhone.ActiveCfg = Debug|Any CPU
		{EA226333-D7C6-44AF-91BA-F5F5059AB52D}.Ad-Hoc|iPhone.Build.0 = Debug|Any CPU
		{EA226333-D7C6-44AF-91BA-F5F5059AB52D}.Ad-Hoc|iPhoneSimulator.ActiveCfg = Debug|Any CPU
		{EA226333-D7C6-44AF-91BA-F5F5059AB52D}.Ad-Hoc|iPhoneSimulator.Build.0 = Debug|Any CPU
		{EA226333-D7C6-44AF-91BA-F5F5059AB52D}.Ad-Hoc|x64.ActiveCfg = Debug|Any CPU
		{EA226333-D7C6-44AF-91BA-F5F5059AB52D}.Ad-Hoc|x64.Build.0 = Debug|Any CPU
		{EA226333-D7C6-44AF-91BA-F5F5059AB52D}.Ad-Hoc|x86.ActiveCfg = Debug|Any CPU
		{EA226333-D7C6-44AF-91BA-F5F5059AB52D}.Ad-Hoc|x86.Build.0 = Debug|Any CPU
		{EA226333-D7C6-44AF-91BA-F5F5059AB52D}.AppStore|Any CPU.ActiveCfg = Debug|Any CPU
		{EA226333-D7C6-44AF-91BA-F5F5059AB52D}.AppStore|Any CPU.Build.0 = Debug|Any CPU
		{EA226333-D7C6-44AF-91BA-F5F5059AB52D}.AppStore|ARM.ActiveCfg = Debug|Any CPU
		{EA226333-D7C6-44AF-91BA-F5F5059AB52D}.AppStore|ARM.Build.0 = Debug|Any CPU
		{EA226333-D7C6-44AF-91BA-F5F5059AB52D}.AppStore|iPhone.ActiveCfg = Debug|Any CPU
		{EA226333-D7C6-44AF-91BA-F5F5059AB52D}.AppStore|iPhone.Build.0 = Debug|Any CPU
		{EA226333-D7C6-44AF-91BA-F5F5059AB52D}.AppStore|iPhoneSimulator.ActiveCfg = Debug|Any CPU
		{EA226333-D7C6-44AF-91BA-F5F5059AB52D}.AppStore|iPhoneSimulator.Build.0 = Debug|Any CPU
		{EA226333-D7C6-44AF-91BA-F5F5059AB52D}.AppStore|x64.ActiveCfg = Debug|Any CPU
		{EA226333-D7C6-44AF-91BA-F5F5059AB52D}.AppStore|x64.Build.0 = Debug|Any CPU
		{EA226333-D7C6-44AF-91BA-F5F5059AB52D}.AppStore|x86.ActiveCfg = Debug|Any CPU
		{EA226333-D7C6-44AF-91BA-F5F5059AB52D}.AppStore|x86.Build.0 = Debug|Any CPU
		{EA226333-D7C6-44AF-91BA-F5F5059AB52D}.Debug|Any CPU.ActiveCfg = Debug|Any CPU
		{EA226333-D7C6-44AF-91BA-F5F5059AB52D}.Debug|Any CPU.Build.0 = Debug|Any CPU
		{EA226333-D7C6-44AF-91BA-F5F5059AB52D}.Debug|ARM.ActiveCfg = Debug|Any CPU
		{EA226333-D7C6-44AF-91BA-F5F5059AB52D}.Debug|ARM.Build.0 = Debug|Any CPU
		{EA226333-D7C6-44AF-91BA-F5F5059AB52D}.Debug|iPhone.ActiveCfg = Debug|Any CPU
		{EA226333-D7C6-44AF-91BA-F5F5059AB52D}.Debug|iPhone.Build.0 = Debug|Any CPU
		{EA226333-D7C6-44AF-91BA-F5F5059AB52D}.Debug|iPhoneSimulator.ActiveCfg = Debug|Any CPU
		{EA226333-D7C6-44AF-91BA-F5F5059AB52D}.Debug|iPhoneSimulator.Build.0 = Debug|Any CPU
		{EA226333-D7C6-44AF-91BA-F5F5059AB52D}.Debug|x64.ActiveCfg = Debug|Any CPU
		{EA226333-D7C6-44AF-91BA-F5F5059AB52D}.Debug|x64.Build.0 = Debug|Any CPU
		{EA226333-D7C6-44AF-91BA-F5F5059AB52D}.Debug|x86.ActiveCfg = Debug|Any CPU
		{EA226333-D7C6-44AF-91BA-F5F5059AB52D}.Debug|x86.Build.0 = Debug|Any CPU
		{EA226333-D7C6-44AF-91BA-F5F5059AB52D}.Release|Any CPU.ActiveCfg = Release|Any CPU
		{EA226333-D7C6-44AF-91BA-F5F5059AB52D}.Release|Any CPU.Build.0 = Release|Any CPU
		{EA226333-D7C6-44AF-91BA-F5F5059AB52D}.Release|ARM.ActiveCfg = Release|Any CPU
		{EA226333-D7C6-44AF-91BA-F5F5059AB52D}.Release|ARM.Build.0 = Release|Any CPU
		{EA226333-D7C6-44AF-91BA-F5F5059AB52D}.Release|iPhone.ActiveCfg = Release|Any CPU
		{EA226333-D7C6-44AF-91BA-F5F5059AB52D}.Release|iPhone.Build.0 = Release|Any CPU
		{EA226333-D7C6-44AF-91BA-F5F5059AB52D}.Release|iPhoneSimulator.ActiveCfg = Release|Any CPU
		{EA226333-D7C6-44AF-91BA-F5F5059AB52D}.Release|iPhoneSimulator.Build.0 = Release|Any CPU
		{EA226333-D7C6-44AF-91BA-F5F5059AB52D}.Release|x64.ActiveCfg = Release|Any CPU
		{EA226333-D7C6-44AF-91BA-F5F5059AB52D}.Release|x64.Build.0 = Release|Any CPU
		{EA226333-D7C6-44AF-91BA-F5F5059AB52D}.Release|x86.ActiveCfg = Release|Any CPU
		{EA226333-D7C6-44AF-91BA-F5F5059AB52D}.Release|x86.Build.0 = Release|Any CPU
	EndGlobalSection
	GlobalSection(SolutionProperties) = preSolution
		HideSolutionNode = FALSE
	EndGlobalSection
	GlobalSection(ExtensibilityGlobals) = postSolution
		SolutionGuid = {3F9C103A-5486-4BB7-A304-7C113420A1B4}
	EndGlobalSection
EndGlobal
